{
  "requires": true,
  "lockfileVersion": 1,
  "dependencies": {
    "node-eta": {
      "version": "0.9.0",
      "resolved": "https://registry.npmjs.org/node-eta/-/node-eta-0.9.0.tgz",
      "integrity": "sha1-n7CwmbzSoCGUDmA8ZCVNwAPZp6g="
    },
    "random-string": {
      "version": "0.2.0",
      "resolved": "https://registry.npmjs.org/random-string/-/random-string-0.2.0.tgz",
      "integrity": "sha1-pG5DdTUr7amg17DRntbTIezR2C0="
    },
    "simple-eta": {
      "version": "3.0.2",
      "resolved": "https://registry.npmjs.org/simple-eta/-/simple-eta-3.0.2.tgz",
      "integrity": "sha512-+OmPgi01yHK/bRNQDoehUcV8fqs9nNJkG2DoWCnnLvj0lmowab7BH3v9776BG0y7dGEOLh0F7mfd37k+ht26Yw=="
    }
  }
}
